
Microsoft Visual Studio Solution File, Format Version 12.00
# Visual Studio Version 16
VisualStudioVersion = 16.0.29326.143
MinimumVisualStudioVersion = 10.0.40219.1
Project("{FAE04EC0-301F-11D3-BF4B-00C04F79EFBC}") = "FElectronicaWS", "FElectronicaWS\FElectronicaWS.csproj", "{EACCBF94-8755-4A16-9586-FB779362068D}"
EndProject
Global
	GlobalSection(SolutionConfigurationPlatforms) = preSolution
		Debug|Any CPU = Debug|Any CPU
		Release|Any CPU = Release|Any CPU
	EndGlobalSection
	GlobalSection(ProjectConfigurationPlatforms) = postSolution
		{EACCBF94-8755-4A16-9586-FB779362068D}.Debug|Any CPU.ActiveCfg = Debug|Any CPU
		{EACCBF94-8755-4A16-9586-FB779362068D}.Debug|Any CPU.Build.0 = Debug|Any CPU
		{EACCBF94-8755-4A16-9586-FB779362068D}.Release|Any CPU.ActiveCfg = Release|Any CPU
		{EACCBF94-8755-4A16-9586-FB779362068D}.Release|Any CPU.Build.0 = Release|Any CPU
	EndGlobalSection
	GlobalSection(SolutionProperties) = preSolution
		HideSolutionNode = FALSE
	EndGlobalSection
	GlobalSection(ExtensibilityGlobals) = postSolution
		SolutionGuid = {DCCBC572-F9C8-4D2C-8616-57FA74DE130F}
	EndGlobalSection
EndGlobal
